// !$*UTF8*$!
{
	archiveVersion = 1;
	classes = {
	};
	objectVersion = 46;
	objects = {

/* Begin PBXBuildFile section */
		969091C81DB13F20004F1263 /* AppDelegate.swift in Sources */ = {isa = PBXBuildFile; fileRef = 969091C71DB13F20004F1263 /* AppDelegate.swift */; };
		969091CA1DB13F20004F1263 /* ViewController.swift in Sources */ = {isa = PBXBuildFile; fileRef = 969091C91DB13F20004F1263 /* ViewController.swift */; };
		969091CD1DB13F20004F1263 /* Main.storyboard in Resources */ = {isa = PBXBuildFile; fileRef = 969091CB1DB13F20004F1263 /* Main.storyboard */; };
		969091CF1DB13F20004F1263 /* Assets.xcassets in Resources */ = {isa = PBXBuildFile; fileRef = 969091CE1DB13F20004F1263 /* Assets.xcassets */; };
		969091D21DB13F20004F1263 /* LaunchScreen.storyboard in Resources */ = {isa = PBXBuildFile; fileRef = 969091D01DB13F20004F1263 /* LaunchScreen.storyboard */; };
/* End PBXBuildFile section */

/* Begin PBXFileReference section */
		969091C41DB13F20004F1263 /* SectionedEmojiTableAdvanced.app */ = {isa = PBXFileReference; explicitFileType = wrapper.application; includeInIndex = 0; path = SectionedEmojiTableAdvanced.app; sourceTree = BUILT_PRODUCTS_DIR; };
		969091C71DB13F20004F1263 /* AppDelegate.swift */ = {isa = PBXFileReference; lastKnownFileType = sourcecode.swift; path = AppDelegate.swift; sourceTree = "<group>"; };
		969091C91DB13F20004F1263 /* ViewController.swift */ = {isa = PBXFileReference; lastKnownFileType = sourcecode.swift; path = ViewController.swift; sourceTree = "<group>"; };
		969091CC1DB13F20004F1263 /* Base */ = {isa = PBXFileReference; lastKnownFileType = file.storyboard; name = Base; path = Base.lproj/Main.storyboard; sourceTree = "<group>"; };
		969091CE1DB13F20004F1263 /* Assets.xcassets */ = {isa = PBXFileReference; lastKnownFileType = folder.assetcatalog; path = Assets.xcassets; sourceTree = "<group>"; };
		969091D11DB13F20004F1263 /* Base */ = {isa = PBXFileReference; lastKnownFileType = file.storyboard; name = Base; path = Base.lproj/LaunchScreen.storyboard; sourceTree = "<group>"; };
		969091D31DB13F20004F1263 /* Info.plist */ = {isa = PBXFileReference; lastKnownFileType = text.plist.xml; path = Info.plist; sourceTree = "<group>"; };
/* End PBXFileReference section */

/* Begin PBXFrameworksBuildPhase section */
		969091C11DB13F20004F1263 /* Frameworks */ = {
			isa = PBXFrameworksBuildPhase;
			buildActionMask = 2147483647;
			files = (
			);
			runOnlyForDeploymentPostprocessing = 0;
		};
/* End PBXFrameworksBuildPhase section */

/* Begin PBXGroup section */
		969091BB1DB13F20004F1263 = {
			isa = PBXGroup;
			children = (
				969091C61DB13F20004F1263 /* SectionedEmojiTableAdvanced */,
				969091C51DB13F20004F1263 /* Products */,
			);
			sourceTree = "<group>";
		};
		969091C51DB13F20004F1263 /* Products */ = {
			isa = PBXGroup;
			children = (
				969091C41DB13F20004F1263 /* SectionedEmojiTableAdvanced.app */,
			);
			name = Products;
			sourceTree = "<group>";
		};
		969091C61DB13F20004F1263 /* SectionedEmojiTableAdvanced */ = {
			isa = PBXGroup;
			children = (
				969091C71DB13F20004F1263 /* AppDelegate.swift */,
				969091C91DB13F20004F1263 /* ViewController.swift */,
				969091CB1DB13F20004F1263 /* Main.storyboard */,
				969091CE1DB13F20004F1263 /* Assets.xcassets */,
				969091D01DB13F20004F1263 /* LaunchScreen.storyboard */,
				969091D31DB13F20004F1263 /* Info.plist */,
			);
			path = SectionedEmojiTableAdvanced;
			sourceTree = "<group>";
		};
/* End PBXGroup section */

/* Begin PBXNativeTarget section */
		969091C31DB13F20004F1263 /* SectionedEmojiTableAdvanced */ = {
			isa = PBXNativeTarget;
			buildConfigurationList = 969091D61DB13F20004F1263 /* Build configuration list for PBXNativeTarget "SectionedEmojiTableAdvanced" */;
			buildPhases = (
				969091C01DB13F20004F1263 /* Sources */,
				969091C11DB13F20004F1263 /* Frameworks */,
				969091C21DB13F20004F1263 /* Resources */,
			);
			buildRules = (
			);
			dependencies = (
			);
			name = SectionedEmojiTableAdvanced;
			productName = SectionedEmojiTableAdvanced;
			productReference = 969091C41DB13F20004F1263 /* SectionedEmojiTableAdvanced.app */;
			productType = "com.apple.product-type.application";
		};
/* End PBXNativeTarget section */

/* Begin PBXProject section */
		969091BC1DB13F20004F1263 /* Project object */ = {
			isa = PBXProject;
			attributes = {
				LastSwiftUpdateCheck = 0800;
				LastUpgradeCheck = 0800;
				ORGANIZATIONNAME = yuryg;
				TargetAttributes = {
					969091C31DB13F20004F1263 = {
						CreatedOnToolsVersion = 8.0;
						DevelopmentTeam = GVDGLD972H;
						ProvisioningStyle = Automatic;
					};
				};
			};
			buildConfigurationList = 969091BF1DB13F20004F1263 /* Build configuration list for PBXProject "SectionedEmojiTableAdvanced" */;
			compatibilityVersion = "Xcode 3.2";
			developmentRegion = English;
			hasScannedForEncodings = 0;
			knownRegions = (
				en,
				Base,
			);
			mainGroup = 969091BB1DB13F20004F1263;
			productRefGroup = 969091C51DB13F20004F1263 /* Products */;
			projectDirPath = "";
			projectRoot = "";
			targets = (
				969091C31DB13F20004F1263 /* SectionedEmojiTableAdvanced */,
			);
		};
/* End PBXProject section */

/* Begin PBXResourcesBuildPhase section */
		969091C21DB13F20004F1263 /* Resources */ = {
			isa = PBXResourcesBuildPhase;
			buildActionMask = 2147483647;
			files = (
				969091D21DB13F20004F1263 /* LaunchScreen.storyboard in Resources */,
				969091CF1DB13F20004F1263 /* Assets.xcassets in Resources */,
				969091CD1DB13F20004F1263 /* Main.storyboard in Resources */,
			);
			runOnlyForDeploymentPostprocessing = 0;
		};
/* End PBXResourcesBuildPhase section */

/* Begin PBXSourcesBuildPhase section */
		969091C01DB13F20004F1263 /* Sources */ = {
			isa = PBXSourcesBuildPhase;
			buildActionMask = 2147483647;
			files = (
				969091CA1DB13F20004F1263 /* ViewController.swift in Sources */,
				969091C81DB13F20004F1263 /* AppDelegate.swift in Sources */,
			);
			runOnlyForDeploymentPostprocessing = 0;
		};
/* End PBXSourcesBuildPhase section */

/* Begin PBXVariantGroup section */
		969091CB1DB13F20004F1263 /* Main.storyboard */ = {
			isa = PBXVariantGroup;
			children = (
				969091CC1DB13F20004F1263 /* Base */,
			);
			name = Main.storyboard;
			sourceTree = "<group>";
		};
		969091D01DB13F20004F1263 /* LaunchScreen.storyboard */ = {
			isa = PBXVariantGroup;
			children = (
				969091D11DB13F20004F1263 /* Base */,
			);
			name = LaunchScreen.storyboard;
			sourceTree = "<group>";
		};
/* End PBXVariantGroup section */

/* Begin XCBuildConfiguration section */
		969091D41DB13F20004F1263 /* Debug */ = {
			isa = XCBuildConfiguration;
			buildSettings = {
				ALWAYS_SEARCH_USER_PATHS = NO;
				CLANG_ANALYZER_NONNULL = YES;
				CLANG_CXX_LANGUAGE_STANDARD = "gnu++0x";
				CLANG_CXX_LIBRARY = "libc++";
				CLANG_ENABLE_MODULES = YES;
				CLANG_ENABLE_OBJC_ARC = YES;
				CLANG_WARN_BOOL_CONVERSION = YES;
				CLANG_WARN_CONSTANT_CONVERSION = YES;
				CLANG_WARN_DIRECT_OBJC_ISA_USAGE = YES_ERROR;
				CLANG_WARN_DOCUMENTATION_COMMENTS = YES;
				CLANG_WARN_EMPTY_BODY = YES;
				CLANG_WARN_ENUM_CONVERSION = YES;
				CLANG_WARN_INFINITE_RECURSION = YES;
				CLANG_WARN_INT_CONVERSION = YES;
				CLANG_WARN_OBJC_ROOT_CLASS = YES_ERROR;
				CLANG_WARN_SUSPICIOUS_MOVES = YES;
				CLANG_WARN_UNREACHABLE_CODE = YES;
				CLANG_WARN__DUPLICATE_METHOD_MATCH = YES;
				"CODE_SIGN_IDENTITY[sdk=iphoneos*]" = "iPhone Developer";
				COPY_PHASE_STRIP = NO;
				DEBUG_INFORMATION_FORMAT = dwarf;
				ENABLE_STRICT_OBJC_MSGSEND = YES;
				ENABLE_TESTABILITY = YES;
				GCC_C_LANGUAGE_STANDARD = gnu99;
				GCC_DYNAMIC_NO_PIC = NO;
				GCC_NO_COMMON_BLOCKS = YES;
				GCC_OPTIMIZATION_LEVEL = 0;
				GCC_PREPROCESSOR_DEFINITIONS = (
					"DEBUG=1",
					"$(inherited)",
				);
				GCC_WARN_64_TO_32_BIT_CONVERSION = YES;
				GCC_WARN_ABOUT_RETURN_TYPE = YES_ERROR;
				GCC_WARN_UNDECLARED_SELECTOR = YES;
				GCC_WARN_UNINITIALIZED_AUTOS = YES_AGGRESSIVE;
				GCC_WARN_UNUSED_FUNCTION = YES;
				GCC_WARN_UNUSED_VARIABLE = YES;
				IPHONEOS_DEPLOYMENT_TARGET = 10.0;
				MTL_ENABLE_DEBUG_INFO = YES;
				ONLY_ACTIVE_ARCH = YES;
				SDKROOT = iphoneos;
				SWIFT_ACTIVE_COMPILATION_CONDITIONS = DEBUG;
				SWIFT_OPTIMIZATION_LEVEL = "-Onone";
				TARGETED_DEVICE_FAMILY = "1,2";
			};
			name = Debug;
		};
		969091D51DB13F20004F1263 /* Release */ = {
			isa = XCBuildConfiguration;
			buildSettings = {
				ALWAYS_SEARCH_USER_PATHS = NO;
				CLANG_ANALYZER_NONNULL = YES;
				CLANG_CXX_LANGUAGE_STANDARD = "gnu++0x";
				CLANG_CXX_LIBRARY = "libc++";
				CLANG_ENABLE_MODULES = YES;
				CLANG_ENABLE_OBJC_ARC = YES;
				CLANG_WARN_BOOL_CONVERSION = YES;
				CLANG_WARN_CONSTANT_CONVERSION = YES;
				CLANG_WARN_DIRECT_OBJC_ISA_USAGE = YES_ERROR;
				CLANG_WARN_DOCUMENTATION_COMMENTS = YES;
				CLANG_WARN_EMPTY_BODY = YES;
				CLANG_WARN_ENUM_CONVERSION = YES;
				CLANG_WARN_INFINITE_RECURSION = YES;
				CLANG_WARN_INT_CONVERSION = YES;
				CLANG_WARN_OBJC_ROOT_CLASS = YES_ERROR;
				CLANG_WARN_SUSPICIOUS_MOVES = YES;
				CLANG_WARN_UNREACHABLE_CODE = YES;
				CLANG_WARN__DUPLICATE_METHOD_MATCH = YES;
				"CODE_SIGN_IDENTITY[sdk=iphoneos*]" = "iPhone Developer";
				COPY_PHASE_STRIP = NO;
				DEBUG_INFORMATION_FORMAT = "dwarf-with-dsym";
				ENABLE_NS_ASSERTIONS = NO;
				ENABLE_STRICT_OBJC_MSGSEND = YES;
				GCC_C_LANGUAGE_STANDARD = gnu99;
				GCC_NO_COMMON_BLOCKS = YES;
				GCC_WARN_64_TO_32_BIT_CONVERSION = YES;
				GCC_WARN_ABOUT_RETURN_TYPE = YES_ERROR;
				GCC_WARN_UNDECLARED_SELECTOR = YES;
				GCC_WARN_UNINITIALIZED_AUTOS = YES_AGGRESSIVE;
				GCC_WARN_UNUSED_FUNCTION = YES;
				GCC_WARN_UNUSED_VARIABLE = YES;
				IPHONEOS_DEPLOYMENT_TARGET = 10.0;
				MTL_ENABLE_DEBUG_INFO = NO;
				SDKROOT = iphoneos;
				SWIFT_OPTIMIZATION_LEVEL = "-Owholemodule";
				TARGETED_DEVICE_FAMILY = "1,2";
				VALIDATE_PRODUCT = YES;
			};
			name = Release;
		};
		969091D71DB13F20004F1263 /* Debug */ = {
			isa = XCBuildConfiguration;
			buildSettings = {
				ASSETCATALOG_COMPILER_APPICON_NAME = AppIcon;
				DEVELOPMENT_TEAM = GVDGLD972H;
				INFOPLIST_FILE = SectionedEmojiTableAdvanced/Info.plist;
				LD_RUNPATH_SEARCH_PATHS = "$(inherited) @executable_path/Frameworks";
				PRODUCT_BUNDLE_IDENTIFIER = yuryg.SectionedEmojiTableAdvanced;
				PRODUCT_NAME = "$(TARGET_NAME)";
				SWIFT_VERSION = 3.0;
			};
			name = Debug;
		};
		969091D81DB13F20004F1263 /* Release */ = {
			isa = XCBuildConfiguration;
			buildSettings = {
				ASSETCATALOG_COMPILER_APPICON_NAME = AppIcon;
				DEVELOPMENT_TEAM = GVDGLD972H;
				INFOPLIST_FILE = SectionedEmojiTableAdvanced/Info.plist;
				LD_RUNPATH_SEARCH_PATHS = "$(inherited) @executable_path/Frameworks";
				PRODUCT_BUNDLE_IDENTIFIER = yuryg.SectionedEmojiTableAdvanced;
				PRODUCT_NAME = "$(TARGET_NAME)";
				SWIFT_VERSION = 3.0;
			};
			name = Release;
		};
/* End XCBuildConfiguration section */

/* Begin XCConfigurationList section */
		969091BF1DB13F20004F1263 /* Build configuration list for PBXProject "SectionedEmojiTableAdvanced" */ = {
			isa = XCConfigurationList;
			buildConfigurations = (
				969091D41DB13F20004F1263 /* Debug */,
				969091D51DB13F20004F1263 /* Release */,
			);
			defaultConfigurationIsVisible = 0;
			defaultConfigurationName = Release;
		};
		969091D61DB13F20004F1263 /* Build configuration list for PBXNativeTarget "SectionedEmojiTableAdvanced" */ = {
			isa = XCConfigurationList;
			buildConfigurations = (
				969091D71DB13F20004F1263 /* Debug */,
				969091D81DB13F20004F1263 /* Release */,
			);
			defaultConfigurationIsVisible = 0;
		};
/* End XCConfigurationList section */
	};
	rootObject = 969091BC1DB13F20004F1263 /* Project object */;
}
